// !$*UTF8*$!
{
	archiveVersion = 1;
	classes = {
	};
	objectVersion = 55;
	objects = {

/* Begin PBXBuildFile section */
		0D19A598A4B53D97A3F5A0B1 /* Pods_Fit_Form_Fix.framework in Frameworks */ = {isa = PBXBuildFile; fileRef = 707162133B854F9F9B482610 /* Pods_Fit_Form_Fix.framework */; };
		11CC3F2E63BFE1FDF4C75872 /* Pods_Fit_Form_FixTests.framework in Frameworks */ = {isa = PBXBuildFile; fileRef = 2CA902EE7FB4EA34C0FDE56E /* Pods_Fit_Form_FixTests.framework */; };
		5815244D2A457321006AC3E9 /* LogInVC.swift in Sources */ = {isa = PBXBuildFile; fileRef = 5815244C2A457321006AC3E9 /* LogInVC.swift */; };
		5815244F2A457605006AC3E9 /* ForgetPasswordVC.swift in Sources */ = {isa = PBXBuildFile; fileRef = 5815244E2A457605006AC3E9 /* ForgetPasswordVC.swift */; };
		581524512A457735006AC3E9 /* ResetPasswordVC.swift in Sources */ = {isa = PBXBuildFile; fileRef = 581524502A457735006AC3E9 /* ResetPasswordVC.swift */; };
		589E34042A52A4F4002B6EA5 /* String.swift in Sources */ = {isa = PBXBuildFile; fileRef = 589E34032A52A4F4002B6EA5 /* String.swift */; };
		589E34102A52AB15002B6EA5 /* Localizable.strings in Resources */ = {isa = PBXBuildFile; fileRef = 589E34122A52AB15002B6EA5 /* Localizable.strings */; };
		589E34172A52B35F002B6EA5 /* ImagePickerManager.swift in Sources */ = {isa = PBXBuildFile; fileRef = 589E34162A52B35F002B6EA5 /* ImagePickerManager.swift */; };
		58AFED552A45B0C20022B4B3 /* SelectGenderVC.swift in Sources */ = {isa = PBXBuildFile; fileRef = 58AFED542A45B0C20022B4B3 /* SelectGenderVC.swift */; };
		58AFED572A45D9900022B4B3 /* Color.swift in Sources */ = {isa = PBXBuildFile; fileRef = 58AFED562A45D9900022B4B3 /* Color.swift */; };
		58B0E17C2A42B74F0094211E /* AppDelegate.swift in Sources */ = {isa = PBXBuildFile; fileRef = 58B0E17B2A42B74F0094211E /* AppDelegate.swift */; };
		58B0E17E2A42B74F0094211E /* SceneDelegate.swift in Sources */ = {isa = PBXBuildFile; fileRef = 58B0E17D2A42B74F0094211E /* SceneDelegate.swift */; };
		58B0E1802A42B74F0094211E /* ViewController.swift in Sources */ = {isa = PBXBuildFile; fileRef = 58B0E17F2A42B74F0094211E /* ViewController.swift */; };
		58B0E1832A42B74F0094211E /* Main.storyboard in Resources */ = {isa = PBXBuildFile; fileRef = 58B0E1812A42B74F0094211E /* Main.storyboard */; };
		58B0E1882A42B7500094211E /* LaunchScreen.storyboard in Resources */ = {isa = PBXBuildFile; fileRef = 58B0E1862A42B7500094211E /* LaunchScreen.storyboard */; };
		58B0E1932A42B7500094211E /* Fit_Form_FixTests.swift in Sources */ = {isa = PBXBuildFile; fileRef = 58B0E1922A42B7500094211E /* Fit_Form_FixTests.swift */; };
		58B0E19D2A42B7500094211E /* Fit_Form_FixUITests.swift in Sources */ = {isa = PBXBuildFile; fileRef = 58B0E19C2A42B7500094211E /* Fit_Form_FixUITests.swift */; };
		58B0E19F2A42B7500094211E /* Fit_Form_FixUITestsLaunchTests.swift in Sources */ = {isa = PBXBuildFile; fileRef = 58B0E19E2A42B7500094211E /* Fit_Form_FixUITestsLaunchTests.swift */; };
		58B0E1C72A42B85D0094211E /* ExerciseClassifier+FrameRate.swift in Sources */ = {isa = PBXBuildFile; fileRef = 58B0E1AC2A42B85C0094211E /* ExerciseClassifier+FrameRate.swift */; };
		58B0E1C82A42B85D0094211E /* ExerciseClassifier+LabelCheck.swift in Sources */ = {isa = PBXBuildFile; fileRef = 58B0E1AD2A42B85C0094211E /* ExerciseClassifier+LabelCheck.swift */; };
		58B0E1C92A42B85D0094211E /* ActionPrediction.swift in Sources */ = {isa = PBXBuildFile; fileRef = 58B0E1AE2A42B85C0094211E /* ActionPrediction.swift */; };
		58B0E1CA2A42B85D0094211E /* ExerciseClassifier+Label.swift in Sources */ = {isa = PBXBuildFile; fileRef = 58B0E1AF2A42B85C0094211E /* ExerciseClassifier+Label.swift */; };
		58B0E1CB2A42B85D0094211E /* ExerciseClassifier+PredictAction.swift in Sources */ = {isa = PBXBuildFile; fileRef = 58B0E1B02A42B85C0094211E /* ExerciseClassifier+PredictAction.swift */; };
		58B0E1CC2A42B85D0094211E /* ExerciseClassifier+Singleton.swift in Sources */ = {isa = PBXBuildFile; fileRef = 58B0E1B12A42B85C0094211E /* ExerciseClassifier+Singleton.swift */; };
		58B0E1CD2A42B85D0094211E /* ExerciseClassifier.mlmodel in Sources */ = {isa = PBXBuildFile; fileRef = 58B0E1B22A42B85C0094211E /* ExerciseClassifier.mlmodel */; };
		58B0E1CE2A42B85D0094211E /* GradientClass.swift in Sources */ = {isa = PBXBuildFile; fileRef = 58B0E1B42A42B85C0094211E /* GradientClass.swift */; };
		58B0E1CF2A42B85D0094211E /* Pose+Landmark.swift in Sources */ = {isa = PBXBuildFile; fileRef = 58B0E1B62A42B85C0094211E /* Pose+Landmark.swift */; };
		58B0E1D02A42B85D0094211E /* Pose.swift in Sources */ = {isa = PBXBuildFile; fileRef = 58B0E1B72A42B85C0094211E /* Pose.swift */; };
		58B0E1D12A42B85D0094211E /* PerformanceReporter.swift in Sources */ = {isa = PBXBuildFile; fileRef = 58B0E1B82A42B85C0094211E /* PerformanceReporter.swift */; };
		58B0E1D22A42B85D0094211E /* Pose+Connection.swift in Sources */ = {isa = PBXBuildFile; fileRef = 58B0E1B92A42B85C0094211E /* Pose+Connection.swift */; };
		58B0E1D32A42B85D0094211E /* Pose+Empty.swift in Sources */ = {isa = PBXBuildFile; fileRef = 58B0E1BA2A42B85C0094211E /* Pose+Empty.swift */; };
		58B0E1D42A42B85D0094211E /* VideoCapture.swift in Sources */ = {isa = PBXBuildFile; fileRef = 58B0E1BC2A42B85C0094211E /* VideoCapture.swift */; };
		58B0E1D52A42B85D0094211E /* AVCaptureDeviceInput+Camera.swift in Sources */ = {isa = PBXBuildFile; fileRef = 58B0E1BD2A42B85C0094211E /* AVCaptureDeviceInput+Camera.swift */; };
		58B0E1D62A42B85D0094211E /* AVCaptureDevice+FrameRate.swift in Sources */ = {isa = PBXBuildFile; fileRef = 58B0E1BE2A42B85C0094211E /* AVCaptureDevice+FrameRate.swift */; };
		58B0E1D72A42B85D0094211E /* AVCaptureVideoDataOutput+PixelFormat.swift in Sources */ = {isa = PBXBuildFile; fileRef = 58B0E1BF2A42B85C0094211E /* AVCaptureVideoDataOutput+PixelFormat.swift */; };
		58B0E1D82A42B85D0094211E /* VideoProcessingChain.swift in Sources */ = {isa = PBXBuildFile; fileRef = 58B0E1C02A42B85C0094211E /* VideoProcessingChain.swift */; };
		58B0E1D92A42B85D0094211E /* RegisterVC.swift in Sources */ = {isa = PBXBuildFile; fileRef = 58B0E1C22A42B85D0094211E /* RegisterVC.swift */; };
		58B0E1DA2A42B85D0094211E /* WelcomeVC.swift in Sources */ = {isa = PBXBuildFile; fileRef = 58B0E1C32A42B85D0094211E /* WelcomeVC.swift */; };
		58B0E1DB2A42B85D0094211E /* MainViewController.swift in Sources */ = {isa = PBXBuildFile; fileRef = 58B0E1C52A42B85D0094211E /* MainViewController.swift */; };
		58B0E1DC2A42B85D0094211E /* WorkOut_ListVC.swift in Sources */ = {isa = PBXBuildFile; fileRef = 58B0E1C62A42B85D0094211E /* WorkOut_ListVC.swift */; };
		58B0E1E42A42BFB40094211E /* Assets.xcassets in Resources */ = {isa = PBXBuildFile; fileRef = 58B0E1E32A42BFB40094211E /* Assets.xcassets */; };
		58B14E132A58250100788AF9 /* WelcomeNavVC.swift in Sources */ = {isa = PBXBuildFile; fileRef = 58B14E122A58250100788AF9 /* WelcomeNavVC.swift */; };
		58BD5C562A494D3000745655 /* Splash.png in Resources */ = {isa = PBXBuildFile; fileRef = 58BD5C552A494D3000745655 /* Splash.png */; };
		58C1D6A32A580AA100E8FC1C /* SettingVC.swift in Sources */ = {isa = PBXBuildFile; fileRef = 58C1D6A22A580AA100E8FC1C /* SettingVC.swift */; };
		58C1D6A52A580D9700E8FC1C /* TabBarVC.swift in Sources */ = {isa = PBXBuildFile; fileRef = 58C1D6A42A580D9700E8FC1C /* TabBarVC.swift */; };
		58C1D6A82A580E9F00E8FC1C /* HomeNavVC.swift in Sources */ = {isa = PBXBuildFile; fileRef = 58C1D6A72A580E9F00E8FC1C /* HomeNavVC.swift */; };
		58C1D6AA2A580EB300E8FC1C /* SettingsNavVC.swift in Sources */ = {isa = PBXBuildFile; fileRef = 58C1D6A92A580EB300E8FC1C /* SettingsNavVC.swift */; };
		58C1D6AC2A580EC200E8FC1C /* HistoryNavVC.swift in Sources */ = {isa = PBXBuildFile; fileRef = 58C1D6AB2A580EC200E8FC1C /* HistoryNavVC.swift */; };
		58C1D6B02A5813CD00E8FC1C /* Home.storyboard in Resources */ = {isa = PBXBuildFile; fileRef = 58C1D6AF2A5813CD00E8FC1C /* Home.storyboard */; };
		58C1D6B62A58150700E8FC1C /* Storyboard.swift in Sources */ = {isa = PBXBuildFile; fileRef = 58C1D6B52A58150700E8FC1C /* Storyboard.swift */; };
		58C53AEA2A61790800B3D671 /* EditProfileVC.swift in Sources */ = {isa = PBXBuildFile; fileRef = 58C53AE92A61790800B3D671 /* EditProfileVC.swift */; };
		58C53AEE2A617E2A00B3D671 /* ImageInFullScreenVC.swift in Sources */ = {isa = PBXBuildFile; fileRef = 58C53AED2A617E2A00B3D671 /* ImageInFullScreenVC.swift */; };
		58CC27DD2A56A41900070DBF /* RecordOfExerciseVC.swift in Sources */ = {isa = PBXBuildFile; fileRef = 58CC27DC2A56A41900070DBF /* RecordOfExerciseVC.swift */; };
		C6D980062A4470D400150ECC /* ExtensionUIView.swift in Sources */ = {isa = PBXBuildFile; fileRef = C6D980052A4470D400150ECC /* ExtensionUIView.swift */; };
		C6D9800A2A44752700150ECC /* Toast.swift in Sources */ = {isa = PBXBuildFile; fileRef = C6D980092A44752700150ECC /* Toast.swift */; };
		C6D9800C2A4475C800150ECC /* StringExtension.swift in Sources */ = {isa = PBXBuildFile; fileRef = C6D9800B2A4475C800150ECC /* StringExtension.swift */; };
		E3A317EF9125F3E5F45D6378 /* Pods_Fit_Form_Fix_Fit_Form_FixUITests.framework in Frameworks */ = {isa = PBXBuildFile; fileRef = 801C280172125BAE1C08FD2D /* Pods_Fit_Form_Fix_Fit_Form_FixUITests.framework */; };
/* End PBXBuildFile section */

/* Begin PBXContainerItemProxy section */
		58B0E18F2A42B7500094211E /* PBXContainerItemProxy */ = {
			isa = PBXContainerItemProxy;
			containerPortal = 58B0E1702A42B74F0094211E /* Project object */;
			proxyType = 1;
			remoteGlobalIDString = 58B0E1772A42B74F0094211E;
			remoteInfo = "Fit Form Fix";
		};
		58B0E1992A42B7500094211E /* PBXContainerItemProxy */ = {
			isa = PBXContainerItemProxy;
			containerPortal = 58B0E1702A42B74F0094211E /* Project object */;
			proxyType = 1;
			remoteGlobalIDString = 58B0E1772A42B74F0094211E;
			remoteInfo = "Fit Form Fix";
		};
/* End PBXContainerItemProxy section */

/* Begin PBXFileReference section */
		2C1938295E065DFAD2DA0BEE /* Pods-Fit Form FixTests.release.xcconfig */ = {isa = PBXFileReference; includeInIndex = 1; lastKnownFileType = text.xcconfig; name = "Pods-Fit Form FixTests.release.xcconfig"; path = "Target Support Files/Pods-Fit Form FixTests/Pods-Fit Form FixTests.release.xcconfig"; sourceTree = "<group>"; };
		2CA902EE7FB4EA34C0FDE56E /* Pods_Fit_Form_FixTests.framework */ = {isa = PBXFileReference; explicitFileType = wrapper.framework; includeInIndex = 0; path = Pods_Fit_Form_FixTests.framework; sourceTree = BUILT_PRODUCTS_DIR; };
		2EF65E1159DD8BE9E4943C5D /* Pods-Fit Form Fix.debug.xcconfig */ = {isa = PBXFileReference; includeInIndex = 1; lastKnownFileType = text.xcconfig; name = "Pods-Fit Form Fix.debug.xcconfig"; path = "Target Support Files/Pods-Fit Form Fix/Pods-Fit Form Fix.debug.xcconfig"; sourceTree = "<group>"; };
		378FFFA583A9F3C982104FDA /* Pods-Fit Form FixTests.debug.xcconfig */ = {isa = PBXFileReference; includeInIndex = 1; lastKnownFileType = text.xcconfig; name = "Pods-Fit Form FixTests.debug.xcconfig"; path = "Target Support Files/Pods-Fit Form FixTests/Pods-Fit Form FixTests.debug.xcconfig"; sourceTree = "<group>"; };
		48A65609AB65930D6A672414 /* Pods-Fit Form Fix-Fit Form FixUITests.debug.xcconfig */ = {isa = PBXFileReference; includeInIndex = 1; lastKnownFileType = text.xcconfig; name = "Pods-Fit Form Fix-Fit Form FixUITests.debug.xcconfig"; path = "Target Support Files/Pods-Fit Form Fix-Fit Form FixUITests/Pods-Fit Form Fix-Fit Form FixUITests.debug.xcconfig"; sourceTree = "<group>"; };
		5815244C2A457321006AC3E9 /* LogInVC.swift */ = {isa = PBXFileReference; lastKnownFileType = sourcecode.swift; path = LogInVC.swift; sourceTree = "<group>"; };
		5815244E2A457605006AC3E9 /* ForgetPasswordVC.swift */ = {isa = PBXFileReference; lastKnownFileType = sourcecode.swift; path = ForgetPasswordVC.swift; sourceTree = "<group>"; };
		581524502A457735006AC3E9 /* ResetPasswordVC.swift */ = {isa = PBXFileReference; lastKnownFileType = sourcecode.swift; path = ResetPasswordVC.swift; sourceTree = "<group>"; };
		589E33FB2A52A306002B6EA5 /* hi */ = {isa = PBXFileReference; lastKnownFileType = text.plist.strings; name = hi; path = hi.lproj/Main.strings; sourceTree = "<group>"; };
		589E33FC2A52A306002B6EA5 /* hi */ = {isa = PBXFileReference; lastKnownFileType = text.plist.strings; name = hi; path = hi.lproj/LaunchScreen.strings; sourceTree = "<group>"; };
		589E34032A52A4F4002B6EA5 /* String.swift */ = {isa = PBXFileReference; lastKnownFileType = sourcecode.swift; path = String.swift; sourceTree = "<group>"; };
		589E34112A52AB15002B6EA5 /* en */ = {isa = PBXFileReference; lastKnownFileType = text.plist.strings; name = en; path = en.lproj/Localizable.strings; sourceTree = "<group>"; };
		589E34132A52AB1A002B6EA5 /* hi */ = {isa = PBXFileReference; lastKnownFileType = text.plist.strings; name = hi; path = hi.lproj/Localizable.strings; sourceTree = "<group>"; };
		589E34162A52B35F002B6EA5 /* ImagePickerManager.swift */ = {isa = PBXFileReference; lastKnownFileType = sourcecode.swift; path = ImagePickerManager.swift; sourceTree = "<group>"; };
		58AFED542A45B0C20022B4B3 /* SelectGenderVC.swift */ = {isa = PBXFileReference; lastKnownFileType = sourcecode.swift; path = SelectGenderVC.swift; sourceTree = "<group>"; };
		58AFED562A45D9900022B4B3 /* Color.swift */ = {isa = PBXFileReference; lastKnownFileType = sourcecode.swift; path = Color.swift; sourceTree = "<group>"; };
		58B0E1782A42B74F0094211E /* Andro Fit.app */ = {isa = PBXFileReference; explicitFileType = wrapper.application; includeInIndex = 0; path = "Andro Fit.app"; sourceTree = BUILT_PRODUCTS_DIR; };
		58B0E17B2A42B74F0094211E /* AppDelegate.swift */ = {isa = PBXFileReference; lastKnownFileType = sourcecode.swift; path = AppDelegate.swift; sourceTree = "<group>"; };
		58B0E17D2A42B74F0094211E /* SceneDelegate.swift */ = {isa = PBXFileReference; lastKnownFileType = sourcecode.swift; path = SceneDelegate.swift; sourceTree = "<group>"; };
		58B0E17F2A42B74F0094211E /* ViewController.swift */ = {isa = PBXFileReference; lastKnownFileType = sourcecode.swift; path = ViewController.swift; sourceTree = "<group>"; };
		58B0E1822A42B74F0094211E /* Base */ = {isa = PBXFileReference; lastKnownFileType = file.storyboard; name = Base; path = Base.lproj/Main.storyboard; sourceTree = "<group>"; };
		58B0E1872A42B7500094211E /* Base */ = {isa = PBXFileReference; lastKnownFileType = file.storyboard; name = Base; path = Base.lproj/LaunchScreen.storyboard; sourceTree = "<group>"; };
		58B0E1892A42B7500094211E /* Info.plist */ = {isa = PBXFileReference; lastKnownFileType = text.plist.xml; path = Info.plist; sourceTree = "<group>"; };
		58B0E18E2A42B7500094211E /* Andro FitTests.xctest */ = {isa = PBXFileReference; explicitFileType = wrapper.cfbundle; includeInIndex = 0; path = "Andro FitTests.xctest"; sourceTree = BUILT_PRODUCTS_DIR; };
		58B0E1922A42B7500094211E /* Fit_Form_FixTests.swift */ = {isa = PBXFileReference; lastKnownFileType = sourcecode.swift; path = Fit_Form_FixTests.swift; sourceTree = "<group>"; };
		58B0E1982A42B7500094211E /* Andro FitUITests.xctest */ = {isa = PBXFileReference; explicitFileType = wrapper.cfbundle; includeInIndex = 0; path = "Andro FitUITests.xctest"; sourceTree = BUILT_PRODUCTS_DIR; };
		58B0E19C2A42B7500094211E /* Fit_Form_FixUITests.swift */ = {isa = PBXFileReference; lastKnownFileType = sourcecode.swift; path = Fit_Form_FixUITests.swift; sourceTree = "<group>"; };
		58B0E19E2A42B7500094211E /* Fit_Form_FixUITestsLaunchTests.swift */ = {isa = PBXFileReference; lastKnownFileType = sourcecode.swift; path = Fit_Form_FixUITestsLaunchTests.swift; sourceTree = "<group>"; };
		58B0E1AC2A42B85C0094211E /* ExerciseClassifier+FrameRate.swift */ = {isa = PBXFileReference; fileEncoding = 4; lastKnownFileType = sourcecode.swift; path = "ExerciseClassifier+FrameRate.swift"; sourceTree = "<group>"; };
		58B0E1AD2A42B85C0094211E /* ExerciseClassifier+LabelCheck.swift */ = {isa = PBXFileReference; fileEncoding = 4; lastKnownFileType = sourcecode.swift; path = "ExerciseClassifier+LabelCheck.swift"; sourceTree = "<group>"; };
		58B0E1AE2A42B85C0094211E /* ActionPrediction.swift */ = {isa = PBXFileReference; fileEncoding = 4; lastKnownFileType = sourcecode.swift; path = ActionPrediction.swift; sourceTree = "<group>"; };
		58B0E1AF2A42B85C0094211E /* ExerciseClassifier+Label.swift */ = {isa = PBXFileReference; fileEncoding = 4; lastKnownFileType = sourcecode.swift; path = "ExerciseClassifier+Label.swift"; sourceTree = "<group>"; };
		58B0E1B02A42B85C0094211E /* ExerciseClassifier+PredictAction.swift */ = {isa = PBXFileReference; fileEncoding = 4; lastKnownFileType = sourcecode.swift; path = "ExerciseClassifier+PredictAction.swift"; sourceTree = "<group>"; };
		58B0E1B12A42B85C0094211E /* ExerciseClassifier+Singleton.swift */ = {isa = PBXFileReference; fileEncoding = 4; lastKnownFileType = sourcecode.swift; path = "ExerciseClassifier+Singleton.swift"; sourceTree = "<group>"; };
		58B0E1B22A42B85C0094211E /* ExerciseClassifier.mlmodel */ = {isa = PBXFileReference; lastKnownFileType = file.mlmodel; path = ExerciseClassifier.mlmodel; sourceTree = "<group>"; };
		58B0E1B42A42B85C0094211E /* GradientClass.swift */ = {isa = PBXFileReference; fileEncoding = 4; lastKnownFileType = sourcecode.swift; path = GradientClass.swift; sourceTree = "<group>"; };
		58B0E1B62A42B85C0094211E /* Pose+Landmark.swift */ = {isa = PBXFileReference; fileEncoding = 4; lastKnownFileType = sourcecode.swift; path = "Pose+Landmark.swift"; sourceTree = "<group>"; };
		58B0E1B72A42B85C0094211E /* Pose.swift */ = {isa = PBXFileReference; fileEncoding = 4; lastKnownFileType = sourcecode.swift; path = Pose.swift; sourceTree = "<group>"; };
		58B0E1B82A42B85C0094211E /* PerformanceReporter.swift */ = {isa = PBXFileReference; fileEncoding = 4; lastKnownFileType = sourcecode.swift; path = PerformanceReporter.swift; sourceTree = "<group>"; };
		58B0E1B92A42B85C0094211E /* Pose+Connection.swift */ = {isa = PBXFileReference; fileEncoding = 4; lastKnownFileType = sourcecode.swift; path = "Pose+Connection.swift"; sourceTree = "<group>"; };
		58B0E1BA2A42B85C0094211E /* Pose+Empty.swift */ = {isa = PBXFileReference; fileEncoding = 4; lastKnownFileType = sourcecode.swift; path = "Pose+Empty.swift"; sourceTree = "<group>"; };
		58B0E1BC2A42B85C0094211E /* VideoCapture.swift */ = {isa = PBXFileReference; fileEncoding = 4; lastKnownFileType = sourcecode.swift; path = VideoCapture.swift; sourceTree = "<group>"; };
		58B0E1BD2A42B85C0094211E /* AVCaptureDeviceInput+Camera.swift */ = {isa = PBXFileReference; fileEncoding = 4; lastKnownFileType = sourcecode.swift; path = "AVCaptureDeviceInput+Camera.swift"; sourceTree = "<group>"; };
		58B0E1BE2A42B85C0094211E /* AVCaptureDevice+FrameRate.swift */ = {isa = PBXFileReference; fileEncoding = 4; lastKnownFileType = sourcecode.swift; path = "AVCaptureDevice+FrameRate.swift"; sourceTree = "<group>"; };
		58B0E1BF2A42B85C0094211E /* AVCaptureVideoDataOutput+PixelFormat.swift */ = {isa = PBXFileReference; fileEncoding = 4; lastKnownFileType = sourcecode.swift; path = "AVCaptureVideoDataOutput+PixelFormat.swift"; sourceTree = "<group>"; };
		58B0E1C02A42B85C0094211E /* VideoProcessingChain.swift */ = {isa = PBXFileReference; fileEncoding = 4; lastKnownFileType = sourcecode.swift; path = VideoProcessingChain.swift; sourceTree = "<group>"; };
		58B0E1C22A42B85D0094211E /* RegisterVC.swift */ = {isa = PBXFileReference; fileEncoding = 4; lastKnownFileType = sourcecode.swift; path = RegisterVC.swift; sourceTree = "<group>"; };
		58B0E1C32A42B85D0094211E /* WelcomeVC.swift */ = {isa = PBXFileReference; fileEncoding = 4; lastKnownFileType = sourcecode.swift; path = WelcomeVC.swift; sourceTree = "<group>"; };
		58B0E1C52A42B85D0094211E /* MainViewController.swift */ = {isa = PBXFileReference; fileEncoding = 4; lastKnownFileType = sourcecode.swift; path = MainViewController.swift; sourceTree = "<group>"; };
		58B0E1C62A42B85D0094211E /* WorkOut_ListVC.swift */ = {isa = PBXFileReference; fileEncoding = 4; lastKnownFileType = sourcecode.swift; path = WorkOut_ListVC.swift; sourceTree = "<group>"; };
		58B0E1E32A42BFB40094211E /* Assets.xcassets */ = {isa = PBXFileReference; lastKnownFileType = folder.assetcatalog; path = Assets.xcassets; sourceTree = "<group>"; };
		58B14E122A58250100788AF9 /* WelcomeNavVC.swift */ = {isa = PBXFileReference; lastKnownFileType = sourcecode.swift; path = WelcomeNavVC.swift; sourceTree = "<group>"; };
		58BD5C552A494D3000745655 /* Splash.png */ = {isa = PBXFileReference; lastKnownFileType = image.png; path = Splash.png; sourceTree = "<group>"; };
		58C1D6A22A580AA100E8FC1C /* SettingVC.swift */ = {isa = PBXFileReference; lastKnownFileType = sourcecode.swift; name = SettingVC.swift; path = "Fit Form Fix/SettingVC.swift"; sourceTree = SOURCE_ROOT; };
		58C1D6A42A580D9700E8FC1C /* TabBarVC.swift */ = {isa = PBXFileReference; lastKnownFileType = sourcecode.swift; path = TabBarVC.swift; sourceTree = "<group>"; };
		58C1D6A72A580E9F00E8FC1C /* HomeNavVC.swift */ = {isa = PBXFileReference; lastKnownFileType = sourcecode.swift; path = HomeNavVC.swift; sourceTree = "<group>"; };
		58C1D6A92A580EB300E8FC1C /* SettingsNavVC.swift */ = {isa = PBXFileReference; lastKnownFileType = sourcecode.swift; path = SettingsNavVC.swift; sourceTree = "<group>"; };
		58C1D6AB2A580EC200E8FC1C /* HistoryNavVC.swift */ = {isa = PBXFileReference; lastKnownFileType = sourcecode.swift; path = HistoryNavVC.swift; sourceTree = "<group>"; };
		58C1D6AF2A5813CD00E8FC1C /* Home.storyboard */ = {isa = PBXFileReference; lastKnownFileType = file.storyboard; path = Home.storyboard; sourceTree = "<group>"; };
		58C1D6B52A58150700E8FC1C /* Storyboard.swift */ = {isa = PBXFileReference; lastKnownFileType = sourcecode.swift; path = Storyboard.swift; sourceTree = "<group>"; };
		58C53AE92A61790800B3D671 /* EditProfileVC.swift */ = {isa = PBXFileReference; lastKnownFileType = sourcecode.swift; path = EditProfileVC.swift; sourceTree = "<group>"; };
		58C53AED2A617E2A00B3D671 /* ImageInFullScreenVC.swift */ = {isa = PBXFileReference; lastKnownFileType = sourcecode.swift; path = ImageInFullScreenVC.swift; sourceTree = "<group>"; };
		58CC27DC2A56A41900070DBF /* RecordOfExerciseVC.swift */ = {isa = PBXFileReference; lastKnownFileType = sourcecode.swift; path = RecordOfExerciseVC.swift; sourceTree = "<group>"; };
		707162133B854F9F9B482610 /* Pods_Fit_Form_Fix.framework */ = {isa = PBXFileReference; explicitFileType = wrapper.framework; includeInIndex = 0; path = Pods_Fit_Form_Fix.framework; sourceTree = BUILT_PRODUCTS_DIR; };
		801C280172125BAE1C08FD2D /* Pods_Fit_Form_Fix_Fit_Form_FixUITests.framework */ = {isa = PBXFileReference; explicitFileType = wrapper.framework; includeInIndex = 0; path = Pods_Fit_Form_Fix_Fit_Form_FixUITests.framework; sourceTree = BUILT_PRODUCTS_DIR; };
		A3690A2F395BC2040FA8E6E5 /* Pods-Fit Form Fix-Fit Form FixUITests.release.xcconfig */ = {isa = PBXFileReference; includeInIndex = 1; lastKnownFileType = text.xcconfig; name = "Pods-Fit Form Fix-Fit Form FixUITests.release.xcconfig"; path = "Target Support Files/Pods-Fit Form Fix-Fit Form FixUITests/Pods-Fit Form Fix-Fit Form FixUITests.release.xcconfig"; sourceTree = "<group>"; };
		C6D980052A4470D400150ECC /* ExtensionUIView.swift */ = {isa = PBXFileReference; lastKnownFileType = sourcecode.swift; path = ExtensionUIView.swift; sourceTree = "<group>"; };
		C6D980092A44752700150ECC /* Toast.swift */ = {isa = PBXFileReference; fileEncoding = 4; lastKnownFileType = sourcecode.swift; path = Toast.swift; sourceTree = "<group>"; };
		C6D9800B2A4475C800150ECC /* StringExtension.swift */ = {isa = PBXFileReference; fileEncoding = 4; lastKnownFileType = sourcecode.swift; path = StringExtension.swift; sourceTree = "<group>"; };
		D64C198CBAEB1B38C41DB648 /* Pods-Fit Form Fix.release.xcconfig */ = {isa = PBXFileReference; includeInIndex = 1; lastKnownFileType = text.xcconfig; name = "Pods-Fit Form Fix.release.xcconfig"; path = "Target Support Files/Pods-Fit Form Fix/Pods-Fit Form Fix.release.xcconfig"; sourceTree = "<group>"; };
/* End PBXFileReference section */

/* Begin PBXFrameworksBuildPhase section */
		58B0E1752A42B74F0094211E /* Frameworks */ = {
			isa = PBXFrameworksBuildPhase;
			buildActionMask = 2147483647;
			files = (
				0D19A598A4B53D97A3F5A0B1 /* Pods_Fit_Form_Fix.framework in Frameworks */,
			);
			runOnlyForDeploymentPostprocessing = 0;
		};
		58B0E18B2A42B7500094211E /* Frameworks */ = {
			isa = PBXFrameworksBuildPhase;
			buildActionMask = 2147483647;
			files = (
				11CC3F2E63BFE1FDF4C75872 /* Pods_Fit_Form_FixTests.framework in Frameworks */,
			);
			runOnlyForDeploymentPostprocessing = 0;
		};
		58B0E1952A42B7500094211E /* Frameworks */ = {
			isa = PBXFrameworksBuildPhase;
			buildActionMask = 2147483647;
			files = (
				E3A317EF9125F3E5F45D6378 /* Pods_Fit_Form_Fix_Fit_Form_FixUITests.framework in Frameworks */,
			);
			runOnlyForDeploymentPostprocessing = 0;
		};
/* End PBXFrameworksBuildPhase section */

/* Begin PBXGroup section */
		38CD2D56F8A7A1F2571362A7 /* Pods */ = {
			isa = PBXGroup;
			children = (
				2EF65E1159DD8BE9E4943C5D /* Pods-Fit Form Fix.debug.xcconfig */,
				D64C198CBAEB1B38C41DB648 /* Pods-Fit Form Fix.release.xcconfig */,
				48A65609AB65930D6A672414 /* Pods-Fit Form Fix-Fit Form FixUITests.debug.xcconfig */,
				A3690A2F395BC2040FA8E6E5 /* Pods-Fit Form Fix-Fit Form FixUITests.release.xcconfig */,
				378FFFA583A9F3C982104FDA /* Pods-Fit Form FixTests.debug.xcconfig */,
				2C1938295E065DFAD2DA0BEE /* Pods-Fit Form FixTests.release.xcconfig */,
			);
			path = Pods;
			sourceTree = "<group>";
		};
		589E33FE2A52A3BC002B6EA5 /* Localizable */ = {
			isa = PBXGroup;
			children = (
				589E34122A52AB15002B6EA5 /* Localizable.strings */,
			);
			path = Localizable;
			sourceTree = "<group>";
		};
		58B0E16F2A42B74F0094211E = {
			isa = PBXGroup;
			children = (
				58B0E17A2A42B74F0094211E /* Fit Form Fix */,
				58B0E1912A42B7500094211E /* Fit Form FixTests */,
				58B0E19B2A42B7500094211E /* Fit Form FixUITests */,
				58B0E1792A42B74F0094211E /* Products */,
				38CD2D56F8A7A1F2571362A7 /* Pods */,
				D819A438F345177297DBAF93 /* Frameworks */,
			);
			sourceTree = "<group>";
		};
		58B0E1792A42B74F0094211E /* Products */ = {
			isa = PBXGroup;
			children = (
				58B0E1782A42B74F0094211E /* Andro Fit.app */,
				58B0E18E2A42B7500094211E /* Andro FitTests.xctest */,
				58B0E1982A42B7500094211E /* Andro FitUITests.xctest */,
			);
			name = Products;
			sourceTree = "<group>";
		};
		58B0E17A2A42B74F0094211E /* Fit Form Fix */ = {
			isa = PBXGroup;
			children = (
				58B0E17B2A42B74F0094211E /* AppDelegate.swift */,
				58B0E17D2A42B74F0094211E /* SceneDelegate.swift */,
				589E33FE2A52A3BC002B6EA5 /* Localizable */,
				58B0E1AB2A42B85C0094211E /* AAVCapture */,
				58B0E1B32A42B85C0094211E /* Helper Classes */,
				58C1D6AE2A58139D00E8FC1C /* Controllers */,
				58C1D6AD2A58138C00E8FC1C /* Storyboard */,
				58B0E1E32A42BFB40094211E /* Assets.xcassets */,
				58B0E1862A42B7500094211E /* LaunchScreen.storyboard */,
				58BD5C552A494D3000745655 /* Splash.png */,
				58B0E1892A42B7500094211E /* Info.plist */,
			);
			path = "Fit Form Fix";
			sourceTree = "<group>";
		};
		58B0E1912A42B7500094211E /* Fit Form FixTests */ = {
			isa = PBXGroup;
			children = (
				58B0E1922A42B7500094211E /* Fit_Form_FixTests.swift */,
			);
			path = "Fit Form FixTests";
			sourceTree = "<group>";
		};
		58B0E19B2A42B7500094211E /* Fit Form FixUITests */ = {
			isa = PBXGroup;
			children = (
				58B0E19C2A42B7500094211E /* Fit_Form_FixUITests.swift */,
				58B0E19E2A42B7500094211E /* Fit_Form_FixUITestsLaunchTests.swift */,
			);
			path = "Fit Form FixUITests";
			sourceTree = "<group>";
		};
		58B0E1AB2A42B85C0094211E /* AAVCapture */ = {
			isa = PBXGroup;
			children = (
				58B0E1AC2A42B85C0094211E /* ExerciseClassifier+FrameRate.swift */,
				58B0E1AD2A42B85C0094211E /* ExerciseClassifier+LabelCheck.swift */,
				58B0E1AE2A42B85C0094211E /* ActionPrediction.swift */,
				58B0E1AF2A42B85C0094211E /* ExerciseClassifier+Label.swift */,
				58B0E1B02A42B85C0094211E /* ExerciseClassifier+PredictAction.swift */,
				58B0E1B12A42B85C0094211E /* ExerciseClassifier+Singleton.swift */,
				58B0E1B22A42B85C0094211E /* ExerciseClassifier.mlmodel */,
			);
			path = AAVCapture;
			sourceTree = "<group>";
		};
		58B0E1B32A42B85C0094211E /* Helper Classes */ = {
			isa = PBXGroup;
			children = (
				58B0E1B42A42B85C0094211E /* GradientClass.swift */,
				C6D980092A44752700150ECC /* Toast.swift */,
				C6D9800B2A4475C800150ECC /* StringExtension.swift */,
				C6D980052A4470D400150ECC /* ExtensionUIView.swift */,
				58AFED562A45D9900022B4B3 /* Color.swift */,
				589E34032A52A4F4002B6EA5 /* String.swift */,
				589E34162A52B35F002B6EA5 /* ImagePickerManager.swift */,
				58C1D6B52A58150700E8FC1C /* Storyboard.swift */,
			);
			path = "Helper Classes";
			sourceTree = "<group>";
		};
		58B0E1B52A42B85C0094211E /* PoseModel */ = {
			isa = PBXGroup;
			children = (
				58B0E1B62A42B85C0094211E /* Pose+Landmark.swift */,
				58B0E1B72A42B85C0094211E /* Pose.swift */,
				58B0E1B82A42B85C0094211E /* PerformanceReporter.swift */,
				58B0E1B92A42B85C0094211E /* Pose+Connection.swift */,
				58B0E1BA2A42B85C0094211E /* Pose+Empty.swift */,
			);
			path = PoseModel;
			sourceTree = "<group>";
		};
		58B0E1BB2A42B85C0094211E /* videoCapture  */ = {
			isa = PBXGroup;
			children = (
				58B0E1BC2A42B85C0094211E /* VideoCapture.swift */,
				58B0E1BD2A42B85C0094211E /* AVCaptureDeviceInput+Camera.swift */,
				58B0E1BE2A42B85C0094211E /* AVCaptureDevice+FrameRate.swift */,
				58B0E1BF2A42B85C0094211E /* AVCaptureVideoDataOutput+PixelFormat.swift */,
				58B0E1C02A42B85C0094211E /* VideoProcessingChain.swift */,
			);
			path = "videoCapture ";
			sourceTree = "<group>";
		};
		58B0E1C12A42B85D0094211E /* Main */ = {
			isa = PBXGroup;
			children = (
				58B0E1C32A42B85D0094211E /* WelcomeVC.swift */,
				58B0E1C22A42B85D0094211E /* RegisterVC.swift */,
				5815244C2A457321006AC3E9 /* LogInVC.swift */,
				5815244E2A457605006AC3E9 /* ForgetPasswordVC.swift */,
				581524502A457735006AC3E9 /* ResetPasswordVC.swift */,
				58AFED542A45B0C20022B4B3 /* SelectGenderVC.swift */,
				58B14E122A58250100788AF9 /* WelcomeNavVC.swift */,
			);
			path = Main;
			sourceTree = "<group>";
		};
		58B0E1C42A42B85D0094211E /* Home */ = {
			isa = PBXGroup;
			children = (
				58C53AE62A6178BD00B3D671 /* Settings */,
				58C1D6A62A580E4500E8FC1C /* Navigation TabBar */,
				58C1D6A42A580D9700E8FC1C /* TabBarVC.swift */,
				58B0E1C62A42B85D0094211E /* WorkOut_ListVC.swift */,
				58B0E1C52A42B85D0094211E /* MainViewController.swift */,
				58CC27DC2A56A41900070DBF /* RecordOfExerciseVC.swift */,
				58C1D6A22A580AA100E8FC1C /* SettingVC.swift */,
			);
			path = Home;
			sourceTree = "<group>";
		};
		58C1D6A62A580E4500E8FC1C /* Navigation TabBar */ = {
			isa = PBXGroup;
			children = (
				58C1D6A72A580E9F00E8FC1C /* HomeNavVC.swift */,
				58C1D6AB2A580EC200E8FC1C /* HistoryNavVC.swift */,
				58C1D6A92A580EB300E8FC1C /* SettingsNavVC.swift */,
			);
			path = "Navigation TabBar";
			sourceTree = "<group>";
		};
		58C1D6AD2A58138C00E8FC1C /* Storyboard */ = {
			isa = PBXGroup;
			children = (
				58B0E1812A42B74F0094211E /* Main.storyboard */,
				58C1D6AF2A5813CD00E8FC1C /* Home.storyboard */,
			);
			path = Storyboard;
			sourceTree = "<group>";
		};
		58C1D6AE2A58139D00E8FC1C /* Controllers */ = {
			isa = PBXGroup;
			children = (
				58C1D6B32A58147C00E8FC1C /* MainViewControllers */,
			);
			path = Controllers;
			sourceTree = "<group>";
		};
		58C1D6B32A58147C00E8FC1C /* MainViewControllers */ = {
			isa = PBXGroup;
			children = (
				58C1D6B42A5814D200E8FC1C /* Defualt */,
				58B0E1C12A42B85D0094211E /* Main */,
				58B0E1C42A42B85D0094211E /* Home */,
			);
			path = MainViewControllers;
			sourceTree = "<group>";
		};
		58C1D6B42A5814D200E8FC1C /* Defualt */ = {
			isa = PBXGroup;
			children = (
				58B0E17F2A42B74F0094211E /* ViewController.swift */,
				58B0E1BB2A42B85C0094211E /* videoCapture  */,
				58B0E1B52A42B85C0094211E /* PoseModel */,
			);
			path = Defualt;
			sourceTree = "<group>";
		};
		58C53AE62A6178BD00B3D671 /* Settings */ = {
			isa = PBXGroup;
			children = (
				58C53AE92A61790800B3D671 /* EditProfileVC.swift */,
				58C53AED2A617E2A00B3D671 /* ImageInFullScreenVC.swift */,
			);
			path = Settings;
			sourceTree = "<group>";
		};
		D819A438F345177297DBAF93 /* Frameworks */ = {
			isa = PBXGroup;
			children = (
				707162133B854F9F9B482610 /* Pods_Fit_Form_Fix.framework */,
				801C280172125BAE1C08FD2D /* Pods_Fit_Form_Fix_Fit_Form_FixUITests.framework */,
				2CA902EE7FB4EA34C0FDE56E /* Pods_Fit_Form_FixTests.framework */,
			);
			name = Frameworks;
			sourceTree = "<group>";
		};
/* End PBXGroup section */

/* Begin PBXNativeTarget section */
		58B0E1772A42B74F0094211E /* Andro Fit */ = {
			isa = PBXNativeTarget;
			buildConfigurationList = 58B0E1A22A42B7500094211E /* Build configuration list for PBXNativeTarget "Andro Fit" */;
			buildPhases = (
				B34CB06AB219A2268AD8815B /* [CP] Check Pods Manifest.lock */,
				58B0E1742A42B74F0094211E /* Sources */,
				58B0E1752A42B74F0094211E /* Frameworks */,
				58B0E1762A42B74F0094211E /* Resources */,
				D1CBF593C83ACBA020AE0D9F /* [CP] Embed Pods Frameworks */,
			);
			buildRules = (
			);
			dependencies = (
			);
			name = "Andro Fit";
			productName = "Fit Form Fix";
			productReference = 58B0E1782A42B74F0094211E /* Andro Fit.app */;
			productType = "com.apple.product-type.application";
		};
		58B0E18D2A42B7500094211E /* Andro FitTests */ = {
			isa = PBXNativeTarget;
			buildConfigurationList = 58B0E1A52A42B7500094211E /* Build configuration list for PBXNativeTarget "Andro FitTests" */;
			buildPhases = (
				6C41D7602328F7DA3283CA0E /* [CP] Check Pods Manifest.lock */,
				58B0E18A2A42B7500094211E /* Sources */,
				58B0E18B2A42B7500094211E /* Frameworks */,
				58B0E18C2A42B7500094211E /* Resources */,
			);
			buildRules = (
			);
			dependencies = (
				58B0E1902A42B7500094211E /* PBXTargetDependency */,
			);
			name = "Andro FitTests";
			productName = "Fit Form FixTests";
			productReference = 58B0E18E2A42B7500094211E /* Andro FitTests.xctest */;
			productType = "com.apple.product-type.bundle.unit-test";
		};
		58B0E1972A42B7500094211E /* Andro FitUITests */ = {
			isa = PBXNativeTarget;
			buildConfigurationList = 58B0E1A82A42B7500094211E /* Build configuration list for PBXNativeTarget "Andro FitUITests" */;
			buildPhases = (
				1EEF988630815DAD58880424 /* [CP] Check Pods Manifest.lock */,
				58B0E1942A42B7500094211E /* Sources */,
				58B0E1952A42B7500094211E /* Frameworks */,
				58B0E1962A42B7500094211E /* Resources */,
				A2121861B18D223BAEA24282 /* [CP] Embed Pods Frameworks */,
			);
			buildRules = (
			);
			dependencies = (
				58B0E19A2A42B7500094211E /* PBXTargetDependency */,
			);
			name = "Andro FitUITests";
			productName = "Fit Form FixUITests";
			productReference = 58B0E1982A42B7500094211E /* Andro FitUITests.xctest */;
			productType = "com.apple.product-type.bundle.ui-testing";
		};
/* End PBXNativeTarget section */

/* Begin PBXProject section */
		58B0E1702A42B74F0094211E /* Project object */ = {
			isa = PBXProject;
			attributes = {
				BuildIndependentTargetsInParallel = 1;
				LastSwiftUpdateCheck = 1430;
				LastUpgradeCheck = 1430;
				TargetAttributes = {
					58B0E1772A42B74F0094211E = {
						CreatedOnToolsVersion = 14.3.1;
					};
					58B0E18D2A42B7500094211E = {
						CreatedOnToolsVersion = 14.3.1;
						TestTargetID = 58B0E1772A42B74F0094211E;
					};
					58B0E1972A42B7500094211E = {
						CreatedOnToolsVersion = 14.3.1;
						TestTargetID = 58B0E1772A42B74F0094211E;
					};
				};
			};
			buildConfigurationList = 58B0E1732A42B74F0094211E /* Build configuration list for PBXProject "Andro Fit" */;
			compatibilityVersion = "Xcode 13.0";
			developmentRegion = en;
			hasScannedForEncodings = 0;
			knownRegions = (
				en,
				Base,
				hi,
			);
			mainGroup = 58B0E16F2A42B74F0094211E;
			productRefGroup = 58B0E1792A42B74F0094211E /* Products */;
			projectDirPath = "";
			projectRoot = "";
			targets = (
				58B0E1772A42B74F0094211E /* Andro Fit */,
				58B0E18D2A42B7500094211E /* Andro FitTests */,
				58B0E1972A42B7500094211E /* Andro FitUITests */,
			);
		};
/* End PBXProject section */

/* Begin PBXResourcesBuildPhase section */
		58B0E1762A42B74F0094211E /* Resources */ = {
			isa = PBXResourcesBuildPhase;
			buildActionMask = 2147483647;
			files = (
				589E34102A52AB15002B6EA5 /* Localizable.strings in Resources */,
				58BD5C562A494D3000745655 /* Splash.png in Resources */,
				58B0E1882A42B7500094211E /* LaunchScreen.storyboard in Resources */,
				58C1D6B02A5813CD00E8FC1C /* Home.storyboard in Resources */,
				58B0E1E42A42BFB40094211E /* Assets.xcassets in Resources */,
				58B0E1832A42B74F0094211E /* Main.storyboard in Resources */,
			);
			runOnlyForDeploymentPostprocessing = 0;
		};
		58B0E18C2A42B7500094211E /* Resources */ = {
			isa = PBXResourcesBuildPhase;
			buildActionMask = 2147483647;
			files = (
			);
			runOnlyForDeploymentPostprocessing = 0;
		};
		58B0E1962A42B7500094211E /* Resources */ = {
			isa = PBXResourcesBuildPhase;
			buildActionMask = 2147483647;
			files = (
			);
			runOnlyForDeploymentPostprocessing = 0;
		};
/* End PBXResourcesBuildPhase section */

/* Begin PBXShellScriptBuildPhase section */
		1EEF988630815DAD58880424 /* [CP] Check Pods Manifest.lock */ = {
			isa = PBXShellScriptBuildPhase;
			buildActionMask = 2147483647;
			files = (
			);
			inputFileListPaths = (
			);
			inputPaths = (
				"${PODS_PODFILE_DIR_PATH}/Podfile.lock",
				"${PODS_ROOT}/Manifest.lock",
			);
			name = "[CP] Check Pods Manifest.lock";
			outputFileListPaths = (
			);
			outputPaths = (
				"$(DERIVED_FILE_DIR)/Pods-Fit Form Fix-Fit Form FixUITests-checkManifestLockResult.txt",
			);
			runOnlyForDeploymentPostprocessing = 0;
			shellPath = /bin/sh;
			shellScript = "diff \"${PODS_PODFILE_DIR_PATH}/Podfile.lock\" \"${PODS_ROOT}/Manifest.lock\" > /dev/null\nif [ $? != 0 ] ; then\n    # print error to STDERR\n    echo \"error: The sandbox is not in sync with the Podfile.lock. Run 'pod install' or update your CocoaPods installation.\" >&2\n    exit 1\nfi\n# This output is used by Xcode 'outputs' to avoid re-running this script phase.\necho \"SUCCESS\" > \"${SCRIPT_OUTPUT_FILE_0}\"\n";
			showEnvVarsInLog = 0;
		};
		6C41D7602328F7DA3283CA0E /* [CP] Check Pods Manifest.lock */ = {
			isa = PBXShellScriptBuildPhase;
			buildActionMask = 2147483647;
			files = (
			);
			inputFileListPaths = (
			);
			inputPaths = (
				"${PODS_PODFILE_DIR_PATH}/Podfile.lock",
				"${PODS_ROOT}/Manifest.lock",
			);
			name = "[CP] Check Pods Manifest.lock";
			outputFileListPaths = (
			);
			outputPaths = (
				"$(DERIVED_FILE_DIR)/Pods-Fit Form FixTests-checkManifestLockResult.txt",
			);
			runOnlyForDeploymentPostprocessing = 0;
			shellPath = /bin/sh;
			shellScript = "diff \"${PODS_PODFILE_DIR_PATH}/Podfile.lock\" \"${PODS_ROOT}/Manifest.lock\" > /dev/null\nif [ $? != 0 ] ; then\n    # print error to STDERR\n    echo \"error: The sandbox is not in sync with the Podfile.lock. Run 'pod install' or update your CocoaPods installation.\" >&2\n    exit 1\nfi\n# This output is used by Xcode 'outputs' to avoid re-running this script phase.\necho \"SUCCESS\" > \"${SCRIPT_OUTPUT_FILE_0}\"\n";
			showEnvVarsInLog = 0;
		};
		A2121861B18D223BAEA24282 /* [CP] Embed Pods Frameworks */ = {
			isa = PBXShellScriptBuildPhase;
			buildActionMask = 2147483647;
			files = (
			);
			inputFileListPaths = (
				"${PODS_ROOT}/Target Support Files/Pods-Fit Form Fix-Fit Form FixUITests/Pods-Fit Form Fix-Fit Form FixUITests-frameworks-${CONFIGURATION}-input-files.xcfilelist",
			);
			name = "[CP] Embed Pods Frameworks";
			outputFileListPaths = (
				"${PODS_ROOT}/Target Support Files/Pods-Fit Form Fix-Fit Form FixUITests/Pods-Fit Form Fix-Fit Form FixUITests-frameworks-${CONFIGURATION}-output-files.xcfilelist",
			);
			runOnlyForDeploymentPostprocessing = 0;
			shellPath = /bin/sh;
			shellScript = "\"${PODS_ROOT}/Target Support Files/Pods-Fit Form Fix-Fit Form FixUITests/Pods-Fit Form Fix-Fit Form FixUITests-frameworks.sh\"\n";
			showEnvVarsInLog = 0;
		};
		B34CB06AB219A2268AD8815B /* [CP] Check Pods Manifest.lock */ = {
			isa = PBXShellScriptBuildPhase;
			buildActionMask = 2147483647;
			files = (
			);
			inputFileListPaths = (
			);
			inputPaths = (
				"${PODS_PODFILE_DIR_PATH}/Podfile.lock",
				"${PODS_ROOT}/Manifest.lock",
			);
			name = "[CP] Check Pods Manifest.lock";
			outputFileListPaths = (
			);
			outputPaths = (
				"$(DERIVED_FILE_DIR)/Pods-Fit Form Fix-checkManifestLockResult.txt",
			);
			runOnlyForDeploymentPostprocessing = 0;
			shellPath = /bin/sh;
			shellScript = "diff \"${PODS_PODFILE_DIR_PATH}/Podfile.lock\" \"${PODS_ROOT}/Manifest.lock\" > /dev/null\nif [ $? != 0 ] ; then\n    # print error to STDERR\n    echo \"error: The sandbox is not in sync with the Podfile.lock. Run 'pod install' or update your CocoaPods installation.\" >&2\n    exit 1\nfi\n# This output is used by Xcode 'outputs' to avoid re-running this script phase.\necho \"SUCCESS\" > \"${SCRIPT_OUTPUT_FILE_0}\"\n";
			showEnvVarsInLog = 0;
		};
		D1CBF593C83ACBA020AE0D9F /* [CP] Embed Pods Frameworks */ = {
			isa = PBXShellScriptBuildPhase;
			buildActionMask = 2147483647;
			files = (
			);
			inputFileListPaths = (
				"${PODS_ROOT}/Target Support Files/Pods-Fit Form Fix/Pods-Fit Form Fix-frameworks-${CONFIGURATION}-input-files.xcfilelist",
			);
			name = "[CP] Embed Pods Frameworks";
			outputFileListPaths = (
				"${PODS_ROOT}/Target Support Files/Pods-Fit Form Fix/Pods-Fit Form Fix-frameworks-${CONFIGURATION}-output-files.xcfilelist",
			);
			runOnlyForDeploymentPostprocessing = 0;
			shellPath = /bin/sh;
			shellScript = "\"${PODS_ROOT}/Target Support Files/Pods-Fit Form Fix/Pods-Fit Form Fix-frameworks.sh\"\n";
			showEnvVarsInLog = 0;
		};
/* End PBXShellScriptBuildPhase section */

/* Begin PBXSourcesBuildPhase section */
		58B0E1742A42B74F0094211E /* Sources */ = {
			isa = PBXSourcesBuildPhase;
			buildActionMask = 2147483647;
			files = (
				58B0E1C82A42B85D0094211E /* ExerciseClassifier+LabelCheck.swift in Sources */,
				58B0E1D62A42B85D0094211E /* AVCaptureDevice+FrameRate.swift in Sources */,
				58AFED572A45D9900022B4B3 /* Color.swift in Sources */,
				58B0E1D52A42B85D0094211E /* AVCaptureDeviceInput+Camera.swift in Sources */,
				58B0E1DC2A42B85D0094211E /* WorkOut_ListVC.swift in Sources */,
				58B14E132A58250100788AF9 /* WelcomeNavVC.swift in Sources */,
				58C1D6AA2A580EB300E8FC1C /* SettingsNavVC.swift in Sources */,
				5815244D2A457321006AC3E9 /* LogInVC.swift in Sources */,
				581524512A457735006AC3E9 /* ResetPasswordVC.swift in Sources */,
				58B0E1CE2A42B85D0094211E /* GradientClass.swift in Sources */,
				58C53AEA2A61790800B3D671 /* EditProfileVC.swift in Sources */,
				58B0E1C72A42B85D0094211E /* ExerciseClassifier+FrameRate.swift in Sources */,
				58C1D6B62A58150700E8FC1C /* Storyboard.swift in Sources */,
				58B0E1CB2A42B85D0094211E /* ExerciseClassifier+PredictAction.swift in Sources */,
				58B0E1802A42B74F0094211E /* ViewController.swift in Sources */,
				58C1D6AC2A580EC200E8FC1C /* HistoryNavVC.swift in Sources */,
				C6D9800C2A4475C800150ECC /* StringExtension.swift in Sources */,
				58B0E1DA2A42B85D0094211E /* WelcomeVC.swift in Sources */,
				58B0E17C2A42B74F0094211E /* AppDelegate.swift in Sources */,
				589E34042A52A4F4002B6EA5 /* String.swift in Sources */,
				58B0E1CF2A42B85D0094211E /* Pose+Landmark.swift in Sources */,
				589E34172A52B35F002B6EA5 /* ImagePickerManager.swift in Sources */,
				58B0E1C92A42B85D0094211E /* ActionPrediction.swift in Sources */,
				58B0E17E2A42B74F0094211E /* SceneDelegate.swift in Sources */,
				58B0E1D02A42B85D0094211E /* Pose.swift in Sources */,
				58CC27DD2A56A41900070DBF /* RecordOfExerciseVC.swift in Sources */,
				C6D980062A4470D400150ECC /* ExtensionUIView.swift in Sources */,
				58B0E1D22A42B85D0094211E /* Pose+Connection.swift in Sources */,
				C6D9800A2A44752700150ECC /* Toast.swift in Sources */,
				58C53AEE2A617E2A00B3D671 /* ImageInFullScreenVC.swift in Sources */,
				58C1D6A32A580AA100E8FC1C /* SettingVC.swift in Sources */,
				58B0E1CC2A42B85D0094211E /* ExerciseClassifier+Singleton.swift in Sources */,
				58B0E1DB2A42B85D0094211E /* MainViewController.swift in Sources */,
				58B0E1D42A42B85D0094211E /* VideoCapture.swift in Sources */,
				58C1D6A52A580D9700E8FC1C /* TabBarVC.swift in Sources */,
				58B0E1D92A42B85D0094211E /* RegisterVC.swift in Sources */,
				58B0E1D32A42B85D0094211E /* Pose+Empty.swift in Sources */,
				58B0E1D82A42B85D0094211E /* VideoProcessingChain.swift in Sources */,
				58C1D6A82A580E9F00E8FC1C /* HomeNavVC.swift in Sources */,
				58B0E1D72A42B85D0094211E /* AVCaptureVideoDataOutput+PixelFormat.swift in Sources */,
				58B0E1CA2A42B85D0094211E /* ExerciseClassifier+Label.swift in Sources */,
				58B0E1CD2A42B85D0094211E /* ExerciseClassifier.mlmodel in Sources */,
				58AFED552A45B0C20022B4B3 /* SelectGenderVC.swift in Sources */,
				5815244F2A457605006AC3E9 /* ForgetPasswordVC.swift in Sources */,
				58B0E1D12A42B85D0094211E /* PerformanceReporter.swift in Sources */,
			);
			runOnlyForDeploymentPostprocessing = 0;
		};
		58B0E18A2A42B7500094211E /* Sources */ = {
			isa = PBXSourcesBuildPhase;
			buildActionMask = 2147483647;
			files = (
				58B0E1932A42B7500094211E /* Fit_Form_FixTests.swift in Sources */,
			);
			runOnlyForDeploymentPostprocessing = 0;
		};
		58B0E1942A42B7500094211E /* Sources */ = {
			isa = PBXSourcesBuildPhase;
			buildActionMask = 2147483647;
			files = (
				58B0E19F2A42B7500094211E /* Fit_Form_FixUITestsLaunchTests.swift in Sources */,
				58B0E19D2A42B7500094211E /* Fit_Form_FixUITests.swift in Sources */,
			);
			runOnlyForDeploymentPostprocessing = 0;
		};
/* End PBXSourcesBuildPhase section */

/* Begin PBXTargetDependency section */
		58B0E1902A42B7500094211E /* PBXTargetDependency */ = {
			isa = PBXTargetDependency;
			target = 58B0E1772A42B74F0094211E /* Andro Fit */;
			targetProxy = 58B0E18F2A42B7500094211E /* PBXContainerItemProxy */;
		};
		58B0E19A2A42B7500094211E /* PBXTargetDependency */ = {
			isa = PBXTargetDependency;
			target = 58B0E1772A42B74F0094211E /* Andro Fit */;
			targetProxy = 58B0E1992A42B7500094211E /* PBXContainerItemProxy */;
		};
/* End PBXTargetDependency section */

/* Begin PBXVariantGroup section */
		589E34122A52AB15002B6EA5 /* Localizable.strings */ = {
			isa = PBXVariantGroup;
			children = (
				589E34112A52AB15002B6EA5 /* en */,
				589E34132A52AB1A002B6EA5 /* hi */,
			);
			name = Localizable.strings;
			sourceTree = "<group>";
		};
		58B0E1812A42B74F0094211E /* Main.storyboard */ = {
			isa = PBXVariantGroup;
			children = (
				58B0E1822A42B74F0094211E /* Base */,
				589E33FB2A52A306002B6EA5 /* hi */,
			);
			name = Main.storyboard;
			sourceTree = "<group>";
		};
		58B0E1862A42B7500094211E /* LaunchScreen.storyboard */ = {
			isa = PBXVariantGroup;
			children = (
				58B0E1872A42B7500094211E /* Base */,
				589E33FC2A52A306002B6EA5 /* hi */,
			);
			name = LaunchScreen.storyboard;
			sourceTree = "<group>";
		};
/* End PBXVariantGroup section */

/* Begin XCBuildConfiguration section */
		58B0E1A02A42B7500094211E /* Debug */ = {
			isa = XCBuildConfiguration;
			buildSettings = {
				ALWAYS_SEARCH_USER_PATHS = NO;
				CLANG_ANALYZER_LOCALIZABILITY_NONLOCALIZED = YES;
				CLANG_ANALYZER_NONNULL = YES;
				CLANG_ANALYZER_NUMBER_OBJECT_CONVERSION = YES_AGGRESSIVE;
				CLANG_CXX_LANGUAGE_STANDARD = "gnu++20";
				CLANG_ENABLE_MODULES = YES;
				CLANG_ENABLE_OBJC_ARC = YES;
				CLANG_ENABLE_OBJC_WEAK = YES;
				CLANG_WARN_BLOCK_CAPTURE_AUTORELEASING = YES;
				CLANG_WARN_BOOL_CONVERSION = YES;
				CLANG_WARN_COMMA = YES;
				CLANG_WARN_CONSTANT_CONVERSION = YES;
				CLANG_WARN_DEPRECATED_OBJC_IMPLEMENTATIONS = YES;
				CLANG_WARN_DIRECT_OBJC_ISA_USAGE = YES_ERROR;
				CLANG_WARN_DOCUMENTATION_COMMENTS = YES;
				CLANG_WARN_EMPTY_BODY = YES;
				CLANG_WARN_ENUM_CONVERSION = YES;
				CLANG_WARN_INFINITE_RECURSION = YES;
				CLANG_WARN_INT_CONVERSION = YES;
				CLANG_WARN_NON_LITERAL_NULL_CONVERSION = YES;
				CLANG_WARN_OBJC_IMPLICIT_RETAIN_SELF = YES;
				CLANG_WARN_OBJC_LITERAL_CONVERSION = YES;
				CLANG_WARN_OBJC_ROOT_CLASS = YES_ERROR;
				CLANG_WARN_QUOTED_INCLUDE_IN_FRAMEWORK_HEADER = YES;
				CLANG_WARN_RANGE_LOOP_ANALYSIS = YES;
				CLANG_WARN_STRICT_PROTOTYPES = YES;
				CLANG_WARN_SUSPICIOUS_MOVE = YES;
				CLANG_WARN_UNGUARDED_AVAILABILITY = YES_AGGRESSIVE;
				CLANG_WARN_UNREACHABLE_CODE = YES;
				CLANG_WARN__DUPLICATE_METHOD_MATCH = YES;
				COPY_PHASE_STRIP = NO;
				DEBUG_INFORMATION_FORMAT = dwarf;
				ENABLE_STRICT_OBJC_MSGSEND = YES;
				ENABLE_TESTABILITY = YES;
				GCC_C_LANGUAGE_STANDARD = gnu11;
				GCC_DYNAMIC_NO_PIC = NO;
				GCC_NO_COMMON_BLOCKS = YES;
				GCC_OPTIMIZATION_LEVEL = 0;
				GCC_PREPROCESSOR_DEFINITIONS = (
					"DEBUG=1",
					"$(inherited)",
				);
				GCC_WARN_64_TO_32_BIT_CONVERSION = YES;
				GCC_WARN_ABOUT_RETURN_TYPE = YES_ERROR;
				GCC_WARN_UNDECLARED_SELECTOR = YES;
				GCC_WARN_UNINITIALIZED_AUTOS = YES_AGGRESSIVE;
				GCC_WARN_UNUSED_FUNCTION = YES;
				GCC_WARN_UNUSED_VARIABLE = YES;
				IPHONEOS_DEPLOYMENT_TARGET = 16.4;
				MTL_ENABLE_DEBUG_INFO = INCLUDE_SOURCE;
				MTL_FAST_MATH = YES;
				ONLY_ACTIVE_ARCH = YES;
				SDKROOT = iphoneos;
				SWIFT_ACTIVE_COMPILATION_CONDITIONS = DEBUG;
				SWIFT_OPTIMIZATION_LEVEL = "-Onone";
			};
			name = Debug;
		};
		58B0E1A12A42B7500094211E /* Release */ = {
			isa = XCBuildConfiguration;
			buildSettings = {
				ALWAYS_SEARCH_USER_PATHS = NO;
				CLANG_ANALYZER_LOCALIZABILITY_NONLOCALIZED = YES;
				CLANG_ANALYZER_NONNULL = YES;
				CLANG_ANALYZER_NUMBER_OBJECT_CONVERSION = YES_AGGRESSIVE;
				CLANG_CXX_LANGUAGE_STANDARD = "gnu++20";
				CLANG_ENABLE_MODULES = YES;
				CLANG_ENABLE_OBJC_ARC = YES;
				CLANG_ENABLE_OBJC_WEAK = YES;
				CLANG_WARN_BLOCK_CAPTURE_AUTORELEASING = YES;
				CLANG_WARN_BOOL_CONVERSION = YES;
				CLANG_WARN_COMMA = YES;
				CLANG_WARN_CONSTANT_CONVERSION = YES;
				CLANG_WARN_DEPRECATED_OBJC_IMPLEMENTATIONS = YES;
				CLANG_WARN_DIRECT_OBJC_ISA_USAGE = YES_ERROR;
				CLANG_WARN_DOCUMENTATION_COMMENTS = YES;
				CLANG_WARN_EMPTY_BODY = YES;
				CLANG_WARN_ENUM_CONVERSION = YES;
				CLANG_WARN_INFINITE_RECURSION = YES;
				CLANG_WARN_INT_CONVERSION = YES;
				CLANG_WARN_NON_LITERAL_NULL_CONVERSION = YES;
				CLANG_WARN_OBJC_IMPLICIT_RETAIN_SELF = YES;
				CLANG_WARN_OBJC_LITERAL_CONVERSION = YES;
				CLANG_WARN_OBJC_ROOT_CLASS = YES_ERROR;
				CLANG_WARN_QUOTED_INCLUDE_IN_FRAMEWORK_HEADER = YES;
				CLANG_WARN_RANGE_LOOP_ANALYSIS = YES;
				CLANG_WARN_STRICT_PROTOTYPES = YES;
				CLANG_WARN_SUSPICIOUS_MOVE = YES;
				CLANG_WARN_UNGUARDED_AVAILABILITY = YES_AGGRESSIVE;
				CLANG_WARN_UNREACHABLE_CODE = YES;
				CLANG_WARN__DUPLICATE_METHOD_MATCH = YES;
				COPY_PHASE_STRIP = NO;
				DEBUG_INFORMATION_FORMAT = "dwarf-with-dsym";
				ENABLE_NS_ASSERTIONS = NO;
				ENABLE_STRICT_OBJC_MSGSEND = YES;
				GCC_C_LANGUAGE_STANDARD = gnu11;
				GCC_NO_COMMON_BLOCKS = YES;
				GCC_WARN_64_TO_32_BIT_CONVERSION = YES;
				GCC_WARN_ABOUT_RETURN_TYPE = YES_ERROR;
				GCC_WARN_UNDECLARED_SELECTOR = YES;
				GCC_WARN_UNINITIALIZED_AUTOS = YES_AGGRESSIVE;
				GCC_WARN_UNUSED_FUNCTION = YES;
				GCC_WARN_UNUSED_VARIABLE = YES;
				IPHONEOS_DEPLOYMENT_TARGET = 16.4;
				MTL_ENABLE_DEBUG_INFO = NO;
				MTL_FAST_MATH = YES;
				SDKROOT = iphoneos;
				SWIFT_COMPILATION_MODE = wholemodule;
				SWIFT_OPTIMIZATION_LEVEL = "-O";
				VALIDATE_PRODUCT = YES;
			};
			name = Release;
		};
		58B0E1A32A42B7500094211E /* Debug */ = {
			isa = XCBuildConfiguration;
			baseConfigurationReference = 2EF65E1159DD8BE9E4943C5D /* Pods-Fit Form Fix.debug.xcconfig */;
			buildSettings = {
				ASSETCATALOG_COMPILER_APPICON_NAME = AppIcon;
				ASSETCATALOG_COMPILER_GLOBAL_ACCENT_COLOR_NAME = AccentColor;
				CODE_SIGN_IDENTITY = "Apple Development";
				CODE_SIGN_STYLE = Automatic;
				CURRENT_PROJECT_VERSION = 1;
				DEVELOPMENT_TEAM = WEAE2S6CZ3;
				GENERATE_INFOPLIST_FILE = YES;
				INFOPLIST_FILE = "Fit Form Fix/Info.plist";
				INFOPLIST_KEY_NSCameraUsageDescription = "To capture your body measurements, please grant access to your device's camera.";
				INFOPLIST_KEY_UIApplicationSupportsIndirectInputEvents = YES;
				INFOPLIST_KEY_UILaunchStoryboardName = LaunchScreen;
				INFOPLIST_KEY_UIMainStoryboardFile = Main;
				INFOPLIST_KEY_UISupportedInterfaceOrientations_iPad = "UIInterfaceOrientationPortrait UIInterfaceOrientationPortraitUpsideDown UIInterfaceOrientationLandscapeLeft UIInterfaceOrientationLandscapeRight";
				INFOPLIST_KEY_UISupportedInterfaceOrientations_iPhone = "UIInterfaceOrientationPortrait UIInterfaceOrientationLandscapeLeft UIInterfaceOrientationLandscapeRight";
				IPHONEOS_DEPLOYMENT_TARGET = 15.0;
				LD_RUNPATH_SEARCH_PATHS = (
					"$(inherited)",
					"@executable_path/Frameworks",
				);
				MARKETING_VERSION = 1.0;
				PRODUCT_BUNDLE_IDENTIFIER = "test-series.Fit-Form-Fix";
				PRODUCT_NAME = "$(TARGET_NAME)";
				PROVISIONING_PROFILE_SPECIFIER = "";
				SWIFT_EMIT_LOC_STRINGS = YES;
				SWIFT_VERSION = 5.0;
				TARGETED_DEVICE_FAMILY = "1,2";
			};
			name = Debug;
		};
		58B0E1A42A42B7500094211E /* Release */ = {
			isa = XCBuildConfiguration;
			baseConfigurationReference = D64C198CBAEB1B38C41DB648 /* Pods-Fit Form Fix.release.xcconfig */;
			buildSettings = {
				ASSETCATALOG_COMPILER_APPICON_NAME = AppIcon;
				ASSETCATALOG_COMPILER_GLOBAL_ACCENT_COLOR_NAME = AccentColor;
				CODE_SIGN_IDENTITY = "Apple Development";
				CODE_SIGN_STYLE = Automatic;
				CURRENT_PROJECT_VERSION = 1;
				DEVELOPMENT_TEAM = WEAE2S6CZ3;
				GENERATE_INFOPLIST_FILE = YES;
				INFOPLIST_FILE = "Fit Form Fix/Info.plist";
				INFOPLIST_KEY_NSCameraUsageDescription = "To capture your body measurements, please grant access to your device's camera.";
				INFOPLIST_KEY_UIApplicationSupportsIndirectInputEvents = YES;
				INFOPLIST_KEY_UILaunchStoryboardName = LaunchScreen;
				INFOPLIST_KEY_UIMainStoryboardFile = Main;
				INFOPLIST_KEY_UISupportedInterfaceOrientations_iPad = "UIInterfaceOrientationPortrait UIInterfaceOrientationPortraitUpsideDown UIInterfaceOrientationLandscapeLeft UIInterfaceOrientationLandscapeRight";
				INFOPLIST_KEY_UISupportedInterfaceOrientations_iPhone = "UIInterfaceOrientationPortrait UIInterfaceOrientationLandscapeLeft UIInterfaceOrientationLandscapeRight";
				IPHONEOS_DEPLOYMENT_TARGET = 15.0;
				LD_RUNPATH_SEARCH_PATHS = (
					"$(inherited)",
					"@executable_path/Frameworks",
				);
				MARKETING_VERSION = 1.0;
				PRODUCT_BUNDLE_IDENTIFIER = "test-series.Fit-Form-Fix";
				PRODUCT_NAME = "$(TARGET_NAME)";
				PROVISIONING_PROFILE_SPECIFIER = "";
				SWIFT_EMIT_LOC_STRINGS = YES;
				SWIFT_VERSION = 5.0;
				TARGETED_DEVICE_FAMILY = "1,2";
			};
			name = Release;
		};
		58B0E1A62A42B7500094211E /* Debug */ = {
			isa = XCBuildConfiguration;
			baseConfigurationReference = 378FFFA583A9F3C982104FDA /* Pods-Fit Form FixTests.debug.xcconfig */;
			buildSettings = {
				ALWAYS_EMBED_SWIFT_STANDARD_LIBRARIES = YES;
				BUNDLE_LOADER = "$(TEST_HOST)";
				CODE_SIGN_STYLE = Automatic;
				CURRENT_PROJECT_VERSION = 1;
				DEVELOPMENT_TEAM = 339B5U4RLR;
				GENERATE_INFOPLIST_FILE = YES;
				IPHONEOS_DEPLOYMENT_TARGET = 16.4;
				MARKETING_VERSION = 1.0;
				PRODUCT_BUNDLE_IDENTIFIER = "test-series.Fit-Form-FixTests";
				PRODUCT_NAME = "$(TARGET_NAME)";
				SWIFT_EMIT_LOC_STRINGS = NO;
				SWIFT_VERSION = 5.0;
				TARGETED_DEVICE_FAMILY = "1,2";
				TEST_HOST = "$(BUILT_PRODUCTS_DIR)/Andro Fit.app/$(BUNDLE_EXECUTABLE_FOLDER_PATH)/Andro Fit";
			};
			name = Debug;
		};
		58B0E1A72A42B7500094211E /* Release */ = {
			isa = XCBuildConfiguration;
			baseConfigurationReference = 2C1938295E065DFAD2DA0BEE /* Pods-Fit Form FixTests.release.xcconfig */;
			buildSettings = {
				ALWAYS_EMBED_SWIFT_STANDARD_LIBRARIES = YES;
				BUNDLE_LOADER = "$(TEST_HOST)";
				CODE_SIGN_STYLE = Automatic;
				CURRENT_PROJECT_VERSION = 1;
				DEVELOPMENT_TEAM = 339B5U4RLR;
				GENERATE_INFOPLIST_FILE = YES;
				IPHONEOS_DEPLOYMENT_TARGET = 16.4;
				MARKETING_VERSION = 1.0;
				PRODUCT_BUNDLE_IDENTIFIER = "test-series.Fit-Form-FixTests";
				PRODUCT_NAME = "$(TARGET_NAME)";
				SWIFT_EMIT_LOC_STRINGS = NO;
				SWIFT_VERSION = 5.0;
				TARGETED_DEVICE_FAMILY = "1,2";
				TEST_HOST = "$(BUILT_PRODUCTS_DIR)/Andro Fit.app/$(BUNDLE_EXECUTABLE_FOLDER_PATH)/Andro Fit";
			};
			name = Release;
		};
		58B0E1A92A42B7500094211E /* Debug */ = {
			isa = XCBuildConfiguration;
			baseConfigurationReference = 48A65609AB65930D6A672414 /* Pods-Fit Form Fix-Fit Form FixUITests.debug.xcconfig */;
			buildSettings = {
				ALWAYS_EMBED_SWIFT_STANDARD_LIBRARIES = YES;
				CODE_SIGN_STYLE = Automatic;
				CURRENT_PROJECT_VERSION = 1;
				DEVELOPMENT_TEAM = 339B5U4RLR;
				GENERATE_INFOPLIST_FILE = YES;
				MARKETING_VERSION = 1.0;
				PRODUCT_BUNDLE_IDENTIFIER = "test-series.Fit-Form-FixUITests";
				PRODUCT_NAME = "$(TARGET_NAME)";
				SWIFT_EMIT_LOC_STRINGS = NO;
				SWIFT_VERSION = 5.0;
				TARGETED_DEVICE_FAMILY = "1,2";
				TEST_TARGET_NAME = "Fit Form Fix";
			};
			name = Debug;
		};
		58B0E1AA2A42B7500094211E /* Release */ = {
			isa = XCBuildConfiguration;
			baseConfigurationReference = A3690A2F395BC2040FA8E6E5 /* Pods-Fit Form Fix-Fit Form FixUITests.release.xcconfig */;
			buildSettings = {
				ALWAYS_EMBED_SWIFT_STANDARD_LIBRARIES = YES;
				CODE_SIGN_STYLE = Automatic;
				CURRENT_PROJECT_VERSION = 1;
				DEVELOPMENT_TEAM = 339B5U4RLR;
				GENERATE_INFOPLIST_FILE = YES;
				MARKETING_VERSION = 1.0;
				PRODUCT_BUNDLE_IDENTIFIER = "test-series.Fit-Form-FixUITests";
				PRODUCT_NAME = "$(TARGET_NAME)";
				SWIFT_EMIT_LOC_STRINGS = NO;
				SWIFT_VERSION = 5.0;
				TARGETED_DEVICE_FAMILY = "1,2";
				TEST_TARGET_NAME = "Fit Form Fix";
			};
			name = Release;
		};
/* End XCBuildConfiguration section */

/* Begin XCConfigurationList section */
		58B0E1732A42B74F0094211E /* Build configuration list for PBXProject "Andro Fit" */ = {
			isa = XCConfigurationList;
			buildConfigurations = (
				58B0E1A02A42B7500094211E /* Debug */,
				58B0E1A12A42B7500094211E /* Release */,
			);
			defaultConfigurationIsVisible = 0;
			defaultConfigurationName = Release;
		};
		58B0E1A22A42B7500094211E /* Build configuration list for PBXNativeTarget "Andro Fit" */ = {
			isa = XCConfigurationList;
			buildConfigurations = (
				58B0E1A32A42B7500094211E /* Debug */,
				58B0E1A42A42B7500094211E /* Release */,
			);
			defaultConfigurationIsVisible = 0;
			defaultConfigurationName = Release;
		};
		58B0E1A52A42B7500094211E /* Build configuration list for PBXNativeTarget "Andro FitTests" */ = {
			isa = XCConfigurationList;
			buildConfigurations = (
				58B0E1A62A42B7500094211E /* Debug */,
				58B0E1A72A42B7500094211E /* Release */,
			);
			defaultConfigurationIsVisible = 0;
			defaultConfigurationName = Release;
		};
		58B0E1A82A42B7500094211E /* Build configuration list for PBXNativeTarget "Andro FitUITests" */ = {
			isa = XCConfigurationList;
			buildConfigurations = (
				58B0E1A92A42B7500094211E /* Debug */,
				58B0E1AA2A42B7500094211E /* Release */,
			);
			defaultConfigurationIsVisible = 0;
			defaultConfigurationName = Release;
		};
/* End XCConfigurationList section */
	};
	rootObject = 58B0E1702A42B74F0094211E /* Project object */;
}
